// !$*UTF8*$!
{
	archiveVersion = 1;
	classes = {
	};
	objectVersion = 56;
	objects = {

/* Begin PBXBuildFile section */
		1809F3002C22B29000F54978 /* Task.swift in Sources */ = {isa = PBXBuildFile; fileRef = 1809F2FF2C22B29000F54978 /* Task.swift */; };
		1809F3022C22B2DA00F54978 /* TaskViewModel.swift in Sources */ = {isa = PBXBuildFile; fileRef = 1809F3012C22B2DA00F54978 /* TaskViewModel.swift */; };
		1809F3042C22B30F00F54978 /* TaskListView.swift in Sources */ = {isa = PBXBuildFile; fileRef = 1809F3032C22B30F00F54978 /* TaskListView.swift */; };
		1809F3062C22B32A00F54978 /* TaskRowView.swift in Sources */ = {isa = PBXBuildFile; fileRef = 1809F3052C22B32A00F54978 /* TaskRowView.swift */; };
		1809F3082C22B37500F54978 /* TaskFormView.swift in Sources */ = {isa = PBXBuildFile; fileRef = 1809F3072C22B37500F54978 /* TaskFormView.swift */; };
		1809F30A2C22B3B200F54978 /* FilterView.swift in Sources */ = {isa = PBXBuildFile; fileRef = 1809F3092C22B3B200F54978 /* FilterView.swift */; };
		188D4C842C22A5DE000D3600 /* TaskManagerApp.swift in Sources */ = {isa = PBXBuildFile; fileRef = 188D4C832C22A5DE000D3600 /* TaskManagerApp.swift */; };
		188D4C862C22A5DE000D3600 /* ContentView.swift in Sources */ = {isa = PBXBuildFile; fileRef = 188D4C852C22A5DE000D3600 /* ContentView.swift */; };
		188D4C882C22A5DF000D3600 /* Assets.xcassets in Resources */ = {isa = PBXBuildFile; fileRef = 188D4C872C22A5DF000D3600 /* Assets.xcassets */; };
		188D4C8B2C22A5DF000D3600 /* Preview Assets.xcassets in Resources */ = {isa = PBXBuildFile; fileRef = 188D4C8A2C22A5DF000D3600 /* Preview Assets.xcassets */; };
		188D4C952C22A5DF000D3600 /* TaskManagerTests.swift in Sources */ = {isa = PBXBuildFile; fileRef = 188D4C942C22A5DF000D3600 /* TaskManagerTests.swift */; };
		188D4C9F2C22A5DF000D3600 /* TaskManagerUITests.swift in Sources */ = {isa = PBXBuildFile; fileRef = 188D4C9E2C22A5DF000D3600 /* TaskManagerUITests.swift */; };
		188D4CA12C22A5DF000D3600 /* TaskManagerUITestsLaunchTests.swift in Sources */ = {isa = PBXBuildFile; fileRef = 188D4CA02C22A5DF000D3600 /* TaskManagerUITestsLaunchTests.swift */; };
/* End PBXBuildFile section */

/* Begin PBXContainerItemProxy section */
		188D4C912C22A5DF000D3600 /* PBXContainerItemProxy */ = {
			isa = PBXContainerItemProxy;
			containerPortal = 188D4C782C22A5DE000D3600 /* Project object */;
			proxyType = 1;
			remoteGlobalIDString = 188D4C7F2C22A5DE000D3600;
			remoteInfo = TaskManager;
		};
		188D4C9B2C22A5DF000D3600 /* PBXContainerItemProxy */ = {
			isa = PBXContainerItemProxy;
			containerPortal = 188D4C782C22A5DE000D3600 /* Project object */;
			proxyType = 1;
			remoteGlobalIDString = 188D4C7F2C22A5DE000D3600;
			remoteInfo = TaskManager;
		};
/* End PBXContainerItemProxy section */

/* Begin PBXFileReference section */
		1809F2FF2C22B29000F54978 /* Task.swift */ = {isa = PBXFileReference; lastKnownFileType = sourcecode.swift; path = Task.swift; sourceTree = "<group>"; };
		1809F3012C22B2DA00F54978 /* TaskViewModel.swift */ = {isa = PBXFileReference; lastKnownFileType = sourcecode.swift; path = TaskViewModel.swift; sourceTree = "<group>"; };
		1809F3032C22B30F00F54978 /* TaskListView.swift */ = {isa = PBXFileReference; lastKnownFileType = sourcecode.swift; path = TaskListView.swift; sourceTree = "<group>"; };
		1809F3052C22B32A00F54978 /* TaskRowView.swift */ = {isa = PBXFileReference; lastKnownFileType = sourcecode.swift; path = TaskRowView.swift; sourceTree = "<group>"; };
		1809F3072C22B37500F54978 /* TaskFormView.swift */ = {isa = PBXFileReference; lastKnownFileType = sourcecode.swift; path = TaskFormView.swift; sourceTree = "<group>"; };
		1809F3092C22B3B200F54978 /* FilterView.swift */ = {isa = PBXFileReference; lastKnownFileType = sourcecode.swift; path = FilterView.swift; sourceTree = "<group>"; };
		1809F30B2C22B65900F54978 /* README.md */ = {isa = PBXFileReference; lastKnownFileType = net.daringfireball.markdown; path = README.md; sourceTree = "<group>"; };
		188D4C802C22A5DE000D3600 /* TaskManager.app */ = {isa = PBXFileReference; explicitFileType = wrapper.application; includeInIndex = 0; path = TaskManager.app; sourceTree = BUILT_PRODUCTS_DIR; };
		188D4C832C22A5DE000D3600 /* TaskManagerApp.swift */ = {isa = PBXFileReference; lastKnownFileType = sourcecode.swift; path = TaskManagerApp.swift; sourceTree = "<group>"; };
		188D4C852C22A5DE000D3600 /* ContentView.swift */ = {isa = PBXFileReference; lastKnownFileType = sourcecode.swift; path = ContentView.swift; sourceTree = "<group>"; };
		188D4C872C22A5DF000D3600 /* Assets.xcassets */ = {isa = PBXFileReference; lastKnownFileType = folder.assetcatalog; path = Assets.xcassets; sourceTree = "<group>"; };
		188D4C8A2C22A5DF000D3600 /* Preview Assets.xcassets */ = {isa = PBXFileReference; lastKnownFileType = folder.assetcatalog; path = "Preview Assets.xcassets"; sourceTree = "<group>"; };
		188D4C902C22A5DF000D3600 /* TaskManagerTests.xctest */ = {isa = PBXFileReference; explicitFileType = wrapper.cfbundle; includeInIndex = 0; path = TaskManagerTests.xctest; sourceTree = BUILT_PRODUCTS_DIR; };
		188D4C942C22A5DF000D3600 /* TaskManagerTests.swift */ = {isa = PBXFileReference; lastKnownFileType = sourcecode.swift; path = TaskManagerTests.swift; sourceTree = "<group>"; };
		188D4C9A2C22A5DF000D3600 /* TaskManagerUITests.xctest */ = {isa = PBXFileReference; explicitFileType = wrapper.cfbundle; includeInIndex = 0; path = TaskManagerUITests.xctest; sourceTree = BUILT_PRODUCTS_DIR; };
		188D4C9E2C22A5DF000D3600 /* TaskManagerUITests.swift */ = {isa = PBXFileReference; lastKnownFileType = sourcecode.swift; path = TaskManagerUITests.swift; sourceTree = "<group>"; };
		188D4CA02C22A5DF000D3600 /* TaskManagerUITestsLaunchTests.swift */ = {isa = PBXFileReference; lastKnownFileType = sourcecode.swift; path = TaskManagerUITestsLaunchTests.swift; sourceTree = "<group>"; };
/* End PBXFileReference section */

/* Begin PBXFrameworksBuildPhase section */
		188D4C7D2C22A5DE000D3600 /* Frameworks */ = {
			isa = PBXFrameworksBuildPhase;
			buildActionMask = 2147483647;
			files = (
			);
			runOnlyForDeploymentPostprocessing = 0;
		};
		188D4C8D2C22A5DF000D3600 /* Frameworks */ = {
			isa = PBXFrameworksBuildPhase;
			buildActionMask = 2147483647;
			files = (
			);
			runOnlyForDeploymentPostprocessing = 0;
		};
		188D4C972C22A5DF000D3600 /* Frameworks */ = {
			isa = PBXFrameworksBuildPhase;
			buildActionMask = 2147483647;
			files = (
			);
			runOnlyForDeploymentPostprocessing = 0;
		};
/* End PBXFrameworksBuildPhase section */

/* Begin PBXGroup section */
		1809F2FC2C22B26D00F54978 /* Model */ = {
			isa = PBXGroup;
			children = (
				1809F2FF2C22B29000F54978 /* Task.swift */,
			);
			path = Model;
			sourceTree = "<group>";
		};
		1809F2FD2C22B27800F54978 /* ViewModel */ = {
			isa = PBXGroup;
			children = (
				1809F3012C22B2DA00F54978 /* TaskViewModel.swift */,
			);
			path = ViewModel;
			sourceTree = "<group>";
		};
		1809F2FE2C22B28200F54978 /* Views */ = {
			isa = PBXGroup;
			children = (
				188D4C852C22A5DE000D3600 /* ContentView.swift */,
				1809F3032C22B30F00F54978 /* TaskListView.swift */,
				1809F3072C22B37500F54978 /* TaskFormView.swift */,
				1809F3052C22B32A00F54978 /* TaskRowView.swift */,
				1809F3092C22B3B200F54978 /* FilterView.swift */,
			);
			path = Views;
			sourceTree = "<group>";
		};
		188D4C772C22A5DE000D3600 = {
			isa = PBXGroup;
			children = (
				1809F30B2C22B65900F54978 /* README.md */,
				188D4C822C22A5DE000D3600 /* TaskManager */,
				188D4C932C22A5DF000D3600 /* TaskManagerTests */,
				188D4C9D2C22A5DF000D3600 /* TaskManagerUITests */,
				188D4C812C22A5DE000D3600 /* Products */,
			);
			sourceTree = "<group>";
		};
		188D4C812C22A5DE000D3600 /* Products */ = {
			isa = PBXGroup;
			children = (
				188D4C802C22A5DE000D3600 /* TaskManager.app */,
				188D4C902C22A5DF000D3600 /* TaskManagerTests.xctest */,
				188D4C9A2C22A5DF000D3600 /* TaskManagerUITests.xctest */,
			);
			name = Products;
			sourceTree = "<group>";
		};
		188D4C822C22A5DE000D3600 /* TaskManager */ = {
			isa = PBXGroup;
			children = (
				1809F2FC2C22B26D00F54978 /* Model */,
				1809F2FD2C22B27800F54978 /* ViewModel */,
				1809F2FE2C22B28200F54978 /* Views */,
				188D4C832C22A5DE000D3600 /* TaskManagerApp.swift */,
				188D4C872C22A5DF000D3600 /* Assets.xcassets */,
				188D4C892C22A5DF000D3600 /* Preview Content */,
			);
			path = TaskManager;
			sourceTree = "<group>";
		};
		188D4C892C22A5DF000D3600 /* Preview Content */ = {
			isa = PBXGroup;
			children = (
				188D4C8A2C22A5DF000D3600 /* Preview Assets.xcassets */,
			);
			path = "Preview Content";
			sourceTree = "<group>";
		};
		188D4C932C22A5DF000D3600 /* TaskManagerTests */ = {
			isa = PBXGroup;
			children = (
				188D4C942C22A5DF000D3600 /* TaskManagerTests.swift */,
			);
			path = TaskManagerTests;
			sourceTree = "<group>";
		};
		188D4C9D2C22A5DF000D3600 /* TaskManagerUITests */ = {
			isa = PBXGroup;
			children = (
				188D4C9E2C22A5DF000D3600 /* TaskManagerUITests.swift */,
				188D4CA02C22A5DF000D3600 /* TaskManagerUITestsLaunchTests.swift */,
			);
			path = TaskManagerUITests;
			sourceTree = "<group>";
		};
/* End PBXGroup section */

/* Begin PBXNativeTarget section */
		188D4C7F2C22A5DE000D3600 /* TaskManager */ = {
			isa = PBXNativeTarget;
			buildConfigurationList = 188D4CA42C22A5DF000D3600 /* Build configuration list for PBXNativeTarget "TaskManager" */;
			buildPhases = (
				188D4C7C2C22A5DE000D3600 /* Sources */,
				188D4C7D2C22A5DE000D3600 /* Frameworks */,
				188D4C7E2C22A5DE000D3600 /* Resources */,
			);
			buildRules = (
			);
			dependencies = (
			);
			name = TaskManager;
			productName = TaskManager;
			productReference = 188D4C802C22A5DE000D3600 /* TaskManager.app */;
			productType = "com.apple.product-type.application";
		};
		188D4C8F2C22A5DF000D3600 /* TaskManagerTests */ = {
			isa = PBXNativeTarget;
			buildConfigurationList = 188D4CA72C22A5DF000D3600 /* Build configuration list for PBXNativeTarget "TaskManagerTests" */;
			buildPhases = (
				188D4C8C2C22A5DF000D3600 /* Sources */,
				188D4C8D2C22A5DF000D3600 /* Frameworks */,
				188D4C8E2C22A5DF000D3600 /* Resources */,
			);
			buildRules = (
			);
			dependencies = (
				188D4C922C22A5DF000D3600 /* PBXTargetDependency */,
			);
			name = TaskManagerTests;
			productName = TaskManagerTests;
			productReference = 188D4C902C22A5DF000D3600 /* TaskManagerTests.xctest */;
			productType = "com.apple.product-type.bundle.unit-test";
		};
		188D4C992C22A5DF000D3600 /* TaskManagerUITests */ = {
			isa = PBXNativeTarget;
			buildConfigurationList = 188D4CAA2C22A5DF000D3600 /* Build configuration list for PBXNativeTarget "TaskManagerUITests" */;
			buildPhases = (
				188D4C962C22A5DF000D3600 /* Sources */,
				188D4C972C22A5DF000D3600 /* Frameworks */,
				188D4C982C22A5DF000D3600 /* Resources */,
			);
			buildRules = (
			);
			dependencies = (
				188D4C9C2C22A5DF000D3600 /* PBXTargetDependency */,
			);
			name = TaskManagerUITests;
			productName = TaskManagerUITests;
			productReference = 188D4C9A2C22A5DF000D3600 /* TaskManagerUITests.xctest */;
			productType = "com.apple.product-type.bundle.ui-testing";
		};
/* End PBXNativeTarget section */

/* Begin PBXProject section */
		188D4C782C22A5DE000D3600 /* Project object */ = {
			isa = PBXProject;
			attributes = {
				BuildIndependentTargetsInParallel = 1;
				LastSwiftUpdateCheck = 1540;
				LastUpgradeCheck = 1540;
				TargetAttributes = {
					188D4C7F2C22A5DE000D3600 = {
						CreatedOnToolsVersion = 15.4;
					};
					188D4C8F2C22A5DF000D3600 = {
						CreatedOnToolsVersion = 15.4;
						TestTargetID = 188D4C7F2C22A5DE000D3600;
					};
					188D4C992C22A5DF000D3600 = {
						CreatedOnToolsVersion = 15.4;
						TestTargetID = 188D4C7F2C22A5DE000D3600;
					};
				};
			};
			buildConfigurationList = 188D4C7B2C22A5DE000D3600 /* Build configuration list for PBXProject "TaskManager" */;
			compatibilityVersion = "Xcode 14.0";
			developmentRegion = en;
			hasScannedForEncodings = 0;
			knownRegions = (
				en,
				Base,
			);
			mainGroup = 188D4C772C22A5DE000D3600;
			productRefGroup = 188D4C812C22A5DE000D3600 /* Products */;
			projectDirPath = "";
			projectRoot = "";
			targets = (
				188D4C7F2C22A5DE000D3600 /* TaskManager */,
				188D4C8F2C22A5DF000D3600 /* TaskManagerTests */,
				188D4C992C22A5DF000D3600 /* TaskManagerUITests */,
			);
		};
/* End PBXProject section */

/* Begin PBXResourcesBuildPhase section */
		188D4C7E2C22A5DE000D3600 /* Resources */ = {
			isa = PBXResourcesBuildPhase;
			buildActionMask = 2147483647;
			files = (
				188D4C8B2C22A5DF000D3600 /* Preview Assets.xcassets in Resources */,
				188D4C882C22A5DF000D3600 /* Assets.xcassets in Resources */,
			);
			runOnlyForDeploymentPostprocessing = 0;
		};
		188D4C8E2C22A5DF000D3600 /* Resources */ = {
			isa = PBXResourcesBuildPhase;
			buildActionMask = 2147483647;
			files = (
			);
			runOnlyForDeploymentPostprocessing = 0;
		};
		188D4C982C22A5DF000D3600 /* Resources */ = {
			isa = PBXResourcesBuildPhase;
			buildActionMask = 2147483647;
			files = (
			);
			runOnlyForDeploymentPostprocessing = 0;
		};
/* End PBXResourcesBuildPhase section */

/* Begin PBXSourcesBuildPhase section */
		188D4C7C2C22A5DE000D3600 /* Sources */ = {
			isa = PBXSourcesBuildPhase;
			buildActionMask = 2147483647;
			files = (
				188D4C862C22A5DE000D3600 /* ContentView.swift in Sources */,
				1809F3022C22B2DA00F54978 /* TaskViewModel.swift in Sources */,
				1809F3042C22B30F00F54978 /* TaskListView.swift in Sources */,
				1809F3082C22B37500F54978 /* TaskFormView.swift in Sources */,
				1809F30A2C22B3B200F54978 /* FilterView.swift in Sources */,
				1809F3002C22B29000F54978 /* Task.swift in Sources */,
				1809F3062C22B32A00F54978 /* TaskRowView.swift in Sources */,
				188D4C842C22A5DE000D3600 /* TaskManagerApp.swift in Sources */,
			);
			runOnlyForDeploymentPostprocessing = 0;
		};
		188D4C8C2C22A5DF000D3600 /* Sources */ = {
			isa = PBXSourcesBuildPhase;
			buildActionMask = 2147483647;
			files = (
				188D4C952C22A5DF000D3600 /* TaskManagerTests.swift in Sources */,
			);
			runOnlyForDeploymentPostprocessing = 0;
		};
		188D4C962C22A5DF000D3600 /* Sources */ = {
			isa = PBXSourcesBuildPhase;
			buildActionMask = 2147483647;
			files = (
				188D4C9F2C22A5DF000D3600 /* TaskManagerUITests.swift in Sources */,
				188D4CA12C22A5DF000D3600 /* TaskManagerUITestsLaunchTests.swift in Sources */,
			);
			runOnlyForDeploymentPostprocessing = 0;
		};
/* End PBXSourcesBuildPhase section */

/* Begin PBXTargetDependency section */
		188D4C922C22A5DF000D3600 /* PBXTargetDependency */ = {
			isa = PBXTargetDependency;
			target = 188D4C7F2C22A5DE000D3600 /* TaskManager */;
			targetProxy = 188D4C912C22A5DF000D3600 /* PBXContainerItemProxy */;
		};
		188D4C9C2C22A5DF000D3600 /* PBXTargetDependency */ = {
			isa = PBXTargetDependency;
			target = 188D4C7F2C22A5DE000D3600 /* TaskManager */;
			targetProxy = 188D4C9B2C22A5DF000D3600 /* PBXContainerItemProxy */;
		};
/* End PBXTargetDependency section */

/* Begin XCBuildConfiguration section */
		188D4CA22C22A5DF000D3600 /* Debug */ = {
			isa = XCBuildConfiguration;
			buildSettings = {
				ALWAYS_SEARCH_USER_PATHS = NO;
				ASSETCATALOG_COMPILER_GENERATE_SWIFT_ASSET_SYMBOL_EXTENSIONS = YES;
				CLANG_ANALYZER_NONNULL = YES;
				CLANG_ANALYZER_NUMBER_OBJECT_CONVERSION = YES_AGGRESSIVE;
				CLANG_CXX_LANGUAGE_STANDARD = "gnu++20";
				CLANG_ENABLE_MODULES = YES;
				CLANG_ENABLE_OBJC_ARC = YES;
				CLANG_ENABLE_OBJC_WEAK = YES;
				CLANG_WARN_BLOCK_CAPTURE_AUTORELEASING = YES;
				CLANG_WARN_BOOL_CONVERSION = YES;
				CLANG_WARN_COMMA = YES;
				CLANG_WARN_CONSTANT_CONVERSION = YES;
				CLANG_WARN_DEPRECATED_OBJC_IMPLEMENTATIONS = YES;
				CLANG_WARN_DIRECT_OBJC_ISA_USAGE = YES_ERROR;
				CLANG_WARN_DOCUMENTATION_COMMENTS = YES;
				CLANG_WARN_EMPTY_BODY = YES;
				CLANG_WARN_ENUM_CONVERSION = YES;
				CLANG_WARN_INFINITE_RECURSION = YES;
				CLANG_WARN_INT_CONVERSION = YES;
				CLANG_WARN_NON_LITERAL_NULL_CONVERSION = YES;
				CLANG_WARN_OBJC_IMPLICIT_RETAIN_SELF = YES;
				CLANG_WARN_OBJC_LITERAL_CONVERSION = YES;
				CLANG_WARN_OBJC_ROOT_CLASS = YES_ERROR;
				CLANG_WARN_QUOTED_INCLUDE_IN_FRAMEWORK_HEADER = YES;
				CLANG_WARN_RANGE_LOOP_ANALYSIS = YES;
				CLANG_WARN_STRICT_PROTOTYPES = YES;
				CLANG_WARN_SUSPICIOUS_MOVE = YES;
				CLANG_WARN_UNGUARDED_AVAILABILITY = YES_AGGRESSIVE;
				CLANG_WARN_UNREACHABLE_CODE = YES;
				CLANG_WARN__DUPLICATE_METHOD_MATCH = YES;
				COPY_PHASE_STRIP = NO;
				DEBUG_INFORMATION_FORMAT = dwarf;
				ENABLE_STRICT_OBJC_MSGSEND = YES;
				ENABLE_TESTABILITY = YES;
				ENABLE_USER_SCRIPT_SANDBOXING = YES;
				GCC_C_LANGUAGE_STANDARD = gnu17;
				GCC_DYNAMIC_NO_PIC = NO;
				GCC_NO_COMMON_BLOCKS = YES;
				GCC_OPTIMIZATION_LEVEL = 0;
				GCC_PREPROCESSOR_DEFINITIONS = (
					"DEBUG=1",
					"$(inherited)",
				);
				GCC_WARN_64_TO_32_BIT_CONVERSION = YES;
				GCC_WARN_ABOUT_RETURN_TYPE = YES_ERROR;
				GCC_WARN_UNDECLARED_SELECTOR = YES;
				GCC_WARN_UNINITIALIZED_AUTOS = YES_AGGRESSIVE;
				GCC_WARN_UNUSED_FUNCTION = YES;
				GCC_WARN_UNUSED_VARIABLE = YES;
				IPHONEOS_DEPLOYMENT_TARGET = 15.0;
				LOCALIZATION_PREFERS_STRING_CATALOGS = YES;
				MTL_ENABLE_DEBUG_INFO = INCLUDE_SOURCE;
				MTL_FAST_MATH = YES;
				ONLY_ACTIVE_ARCH = YES;
				SDKROOT = iphoneos;
				SWIFT_ACTIVE_COMPILATION_CONDITIONS = "DEBUG $(inherited)";
				SWIFT_OPTIMIZATION_LEVEL = "-Onone";
			};
			name = Debug;
		};
		188D4CA32C22A5DF000D3600 /* Release */ = {
			isa = XCBuildConfiguration;
			buildSettings = {
				ALWAYS_SEARCH_USER_PATHS = NO;
				ASSETCATALOG_COMPILER_GENERATE_SWIFT_ASSET_SYMBOL_EXTENSIONS = YES;
				CLANG_ANALYZER_NONNULL = YES;
				CLANG_ANALYZER_NUMBER_OBJECT_CONVERSION = YES_AGGRESSIVE;
				CLANG_CXX_LANGUAGE_STANDARD = "gnu++20";
				CLANG_ENABLE_MODULES = YES;
				CLANG_ENABLE_OBJC_ARC = YES;
				CLANG_ENABLE_OBJC_WEAK = YES;
				CLANG_WARN_BLOCK_CAPTURE_AUTORELEASING = YES;
				CLANG_WARN_BOOL_CONVERSION = YES;
				CLANG_WARN_COMMA = YES;
				CLANG_WARN_CONSTANT_CONVERSION = YES;
				CLANG_WARN_DEPRECATED_OBJC_IMPLEMENTATIONS = YES;
				CLANG_WARN_DIRECT_OBJC_ISA_USAGE = YES_ERROR;
				CLANG_WARN_DOCUMENTATION_COMMENTS = YES;
				CLANG_WARN_EMPTY_BODY = YES;
				CLANG_WARN_ENUM_CONVERSION = YES;
				CLANG_WARN_INFINITE_RECURSION = YES;
				CLANG_WARN_INT_CONVERSION = YES;
				CLANG_WARN_NON_LITERAL_NULL_CONVERSION = YES;
				CLANG_WARN_OBJC_IMPLICIT_RETAIN_SELF = YES;
				CLANG_WARN_OBJC_LITERAL_CONVERSION = YES;
				CLANG_WARN_OBJC_ROOT_CLASS = YES_ERROR;
				CLANG_WARN_QUOTED_INCLUDE_IN_FRAMEWORK_HEADER = YES;
				CLANG_WARN_RANGE_LOOP_ANALYSIS = YES;
				CLANG_WARN_STRICT_PROTOTYPES = YES;
				CLANG_WARN_SUSPICIOUS_MOVE = YES;
				CLANG_WARN_UNGUARDED_AVAILABILITY = YES_AGGRESSIVE;
				CLANG_WARN_UNREACHABLE_CODE = YES;
				CLANG_WARN__DUPLICATE_METHOD_MATCH = YES;
				COPY_PHASE_STRIP = NO;
				DEBUG_INFORMATION_FORMAT = "dwarf-with-dsym";
				ENABLE_NS_ASSERTIONS = NO;
				ENABLE_STRICT_OBJC_MSGSEND = YES;
				ENABLE_USER_SCRIPT_SANDBOXING = YES;
				GCC_C_LANGUAGE_STANDARD = gnu17;
				GCC_NO_COMMON_BLOCKS = YES;
				GCC_WARN_64_TO_32_BIT_CONVERSION = YES;
				GCC_WARN_ABOUT_RETURN_TYPE = YES_ERROR;
				GCC_WARN_UNDECLARED_SELECTOR = YES;
				GCC_WARN_UNINITIALIZED_AUTOS = YES_AGGRESSIVE;
				GCC_WARN_UNUSED_FUNCTION = YES;
				GCC_WARN_UNUSED_VARIABLE = YES;
				IPHONEOS_DEPLOYMENT_TARGET = 15.0;
				LOCALIZATION_PREFERS_STRING_CATALOGS = YES;
				MTL_ENABLE_DEBUG_INFO = NO;
				MTL_FAST_MATH = YES;
				SDKROOT = iphoneos;
				SWIFT_COMPILATION_MODE = wholemodule;
				VALIDATE_PRODUCT = YES;
			};
			name = Release;
		};
		188D4CA52C22A5DF000D3600 /* Debug */ = {
			isa = XCBuildConfiguration;
			buildSettings = {
				ASSETCATALOG_COMPILER_APPICON_NAME = AppIcon;
				ASSETCATALOG_COMPILER_GLOBAL_ACCENT_COLOR_NAME = AccentColor;
				CODE_SIGN_STYLE = Automatic;
				CURRENT_PROJECT_VERSION = 1;
				DEVELOPMENT_ASSET_PATHS = "\"TaskManager/Preview Content\"";
				ENABLE_PREVIEWS = YES;
				GENERATE_INFOPLIST_FILE = YES;
				INFOPLIST_KEY_UIApplicationSceneManifest_Generation = YES;
				INFOPLIST_KEY_UIApplicationSupportsIndirectInputEvents = YES;
				INFOPLIST_KEY_UILaunchScreen_Generation = YES;
				INFOPLIST_KEY_UISupportedInterfaceOrientations_iPad = "UIInterfaceOrientationPortrait UIInterfaceOrientationPortraitUpsideDown UIInterfaceOrientationLandscapeLeft UIInterfaceOrientationLandscapeRight";
				INFOPLIST_KEY_UISupportedInterfaceOrientations_iPhone = "UIInterfaceOrientationPortrait UIInterfaceOrientationLandscapeLeft UIInterfaceOrientationLandscapeRight";
				IPHONEOS_DEPLOYMENT_TARGET = 15.0;
				LD_RUNPATH_SEARCH_PATHS = (
					"$(inherited)",
					"@executable_path/Frameworks",
				);
				MARKETING_VERSION = 1.0;
				PRODUCT_BUNDLE_IDENTIFIER = com.pesto.taskmanagerapp.TaskManager;
				PRODUCT_NAME = "$(TARGET_NAME)";
				SUPPORTED_PLATFORMS = "iphoneos iphonesimulator";
				SUPPORTS_MACCATALYST = NO;
				SUPPORTS_MAC_DESIGNED_FOR_IPHONE_IPAD = NO;
				SUPPORTS_XR_DESIGNED_FOR_IPHONE_IPAD = NO;
				SWIFT_EMIT_LOC_STRINGS = YES;
				SWIFT_VERSION = 5.0;
				TARGETED_DEVICE_FAMILY = 1;
			};
			name = Debug;
		};
		188D4CA62C22A5DF000D3600 /* Release */ = {
			isa = XCBuildConfiguration;
			buildSettings = {
				ASSETCATALOG_COMPILER_APPICON_NAME = AppIcon;
				ASSETCATALOG_COMPILER_GLOBAL_ACCENT_COLOR_NAME = AccentColor;
				CODE_SIGN_STYLE = Automatic;
				CURRENT_PROJECT_VERSION = 1;
				DEVELOPMENT_ASSET_PATHS = "\"TaskManager/Preview Content\"";
				ENABLE_PREVIEWS = YES;
				GENERATE_INFOPLIST_FILE = YES;
				INFOPLIST_KEY_UIApplicationSceneManifest_Generation = YES;
				INFOPLIST_KEY_UIApplicationSupportsIndirectInputEvents = YES;
				INFOPLIST_KEY_UILaunchScreen_Generation = YES;
				INFOPLIST_KEY_UISupportedInterfaceOrientations_iPad = "UIInterfaceOrientationPortrait UIInterfaceOrientationPortraitUpsideDown UIInterfaceOrientationLandscapeLeft UIInterfaceOrientationLandscapeRight";
				INFOPLIST_KEY_UISupportedInterfaceOrientations_iPhone = "UIInterfaceOrientationPortrait UIInterfaceOrientationLandscapeLeft UIInterfaceOrientationLandscapeRight";
				IPHONEOS_DEPLOYMENT_TARGET = 15.0;
				LD_RUNPATH_SEARCH_PATHS = (
					"$(inherited)",
					"@executable_path/Frameworks",
				);
				MARKETING_VERSION = 1.0;
				PRODUCT_BUNDLE_IDENTIFIER = com.pesto.taskmanagerapp.TaskManager;
				PRODUCT_NAME = "$(TARGET_NAME)";
				SUPPORTED_PLATFORMS = "iphoneos iphonesimulator";
				SUPPORTS_MACCATALYST = NO;
				SUPPORTS_MAC_DESIGNED_FOR_IPHONE_IPAD = NO;
				SUPPORTS_XR_DESIGNED_FOR_IPHONE_IPAD = NO;
				SWIFT_EMIT_LOC_STRINGS = YES;
				SWIFT_VERSION = 5.0;
				TARGETED_DEVICE_FAMILY = 1;
			};
			name = Release;
		};
		188D4CA82C22A5DF000D3600 /* Debug */ = {
			isa = XCBuildConfiguration;
			buildSettings = {
				ALWAYS_EMBED_SWIFT_STANDARD_LIBRARIES = YES;
				BUNDLE_LOADER = "$(TEST_HOST)";
				CODE_SIGN_STYLE = Automatic;
				CURRENT_PROJECT_VERSION = 1;
				GENERATE_INFOPLIST_FILE = YES;
				IPHONEOS_DEPLOYMENT_TARGET = 15.0;
				MARKETING_VERSION = 1.0;
				PRODUCT_BUNDLE_IDENTIFIER = com.pesto.taskmanagerapp.TaskManagerTests;
				PRODUCT_NAME = "$(TARGET_NAME)";
				SUPPORTED_PLATFORMS = "iphoneos iphonesimulator";
				SUPPORTS_MACCATALYST = NO;
				SUPPORTS_MAC_DESIGNED_FOR_IPHONE_IPAD = NO;
				SUPPORTS_XR_DESIGNED_FOR_IPHONE_IPAD = NO;
				SWIFT_EMIT_LOC_STRINGS = NO;
				SWIFT_VERSION = 5.0;
				TARGETED_DEVICE_FAMILY = 1;
				TEST_HOST = "$(BUILT_PRODUCTS_DIR)/TaskManager.app/$(BUNDLE_EXECUTABLE_FOLDER_PATH)/TaskManager";
			};
			name = Debug;
		};
		188D4CA92C22A5DF000D3600 /* Release */ = {
			isa = XCBuildConfiguration;
			buildSettings = {
				ALWAYS_EMBED_SWIFT_STANDARD_LIBRARIES = YES;
				BUNDLE_LOADER = "$(TEST_HOST)";
				CODE_SIGN_STYLE = Automatic;
				CURRENT_PROJECT_VERSION = 1;
				GENERATE_INFOPLIST_FILE = YES;
				IPHONEOS_DEPLOYMENT_TARGET = 15.0;
				MARKETING_VERSION = 1.0;
				PRODUCT_BUNDLE_IDENTIFIER = com.pesto.taskmanagerapp.TaskManagerTests;
				PRODUCT_NAME = "$(TARGET_NAME)";
				SUPPORTED_PLATFORMS = "iphoneos iphonesimulator";
				SUPPORTS_MACCATALYST = NO;
				SUPPORTS_MAC_DESIGNED_FOR_IPHONE_IPAD = NO;
				SUPPORTS_XR_DESIGNED_FOR_IPHONE_IPAD = NO;
				SWIFT_EMIT_LOC_STRINGS = NO;
				SWIFT_VERSION = 5.0;
				TARGETED_DEVICE_FAMILY = 1;
				TEST_HOST = "$(BUILT_PRODUCTS_DIR)/TaskManager.app/$(BUNDLE_EXECUTABLE_FOLDER_PATH)/TaskManager";
			};
			name = Release;
		};
		188D4CAB2C22A5DF000D3600 /* Debug */ = {
			isa = XCBuildConfiguration;
			buildSettings = {
				ALWAYS_EMBED_SWIFT_STANDARD_LIBRARIES = YES;
				CODE_SIGN_STYLE = Automatic;
				CURRENT_PROJECT_VERSION = 1;
				GENERATE_INFOPLIST_FILE = YES;
				MARKETING_VERSION = 1.0;
				PRODUCT_BUNDLE_IDENTIFIER = com.pesto.taskmanagerapp.TaskManagerUITests;
				PRODUCT_NAME = "$(TARGET_NAME)";
				SUPPORTED_PLATFORMS = "iphoneos iphonesimulator";
				SUPPORTS_MACCATALYST = NO;
				SUPPORTS_MAC_DESIGNED_FOR_IPHONE_IPAD = NO;
				SUPPORTS_XR_DESIGNED_FOR_IPHONE_IPAD = NO;
				SWIFT_EMIT_LOC_STRINGS = NO;
				SWIFT_VERSION = 5.0;
				TARGETED_DEVICE_FAMILY = 1;
				TEST_TARGET_NAME = TaskManager;
			};
			name = Debug;
		};
		188D4CAC2C22A5DF000D3600 /* Release */ = {
			isa = XCBuildConfiguration;
			buildSettings = {
				ALWAYS_EMBED_SWIFT_STANDARD_LIBRARIES = YES;
				CODE_SIGN_STYLE = Automatic;
				CURRENT_PROJECT_VERSION = 1;
				GENERATE_INFOPLIST_FILE = YES;
				MARKETING_VERSION = 1.0;
				PRODUCT_BUNDLE_IDENTIFIER = com.pesto.taskmanagerapp.TaskManagerUITests;
				PRODUCT_NAME = "$(TARGET_NAME)";
				SUPPORTED_PLATFORMS = "iphoneos iphonesimulator";
				SUPPORTS_MACCATALYST = NO;
				SUPPORTS_MAC_DESIGNED_FOR_IPHONE_IPAD = NO;
				SUPPORTS_XR_DESIGNED_FOR_IPHONE_IPAD = NO;
				SWIFT_EMIT_LOC_STRINGS = NO;
				SWIFT_VERSION = 5.0;
				TARGETED_DEVICE_FAMILY = 1;
				TEST_TARGET_NAME = TaskManager;
			};
			name = Release;
		};
/* End XCBuildConfiguration section */

/* Begin XCConfigurationList section */
		188D4C7B2C22A5DE000D3600 /* Build configuration list for PBXProject "TaskManager" */ = {
			isa = XCConfigurationList;
			buildConfigurations = (
				188D4CA22C22A5DF000D3600 /* Debug */,
				188D4CA32C22A5DF000D3600 /* Release */,
			);
			defaultConfigurationIsVisible = 0;
			defaultConfigurationName = Release;
		};
		188D4CA42C22A5DF000D3600 /* Build configuration list for PBXNativeTarget "TaskManager" */ = {
			isa = XCConfigurationList;
			buildConfigurations = (
				188D4CA52C22A5DF000D3600 /* Debug */,
				188D4CA62C22A5DF000D3600 /* Release */,
			);
			defaultConfigurationIsVisible = 0;
			defaultConfigurationName = Release;
		};
		188D4CA72C22A5DF000D3600 /* Build configuration list for PBXNativeTarget "TaskManagerTests" */ = {
			isa = XCConfigurationList;
			buildConfigurations = (
				188D4CA82C22A5DF000D3600 /* Debug */,
				188D4CA92C22A5DF000D3600 /* Release */,
			);
			defaultConfigurationIsVisible = 0;
			defaultConfigurationName = Release;
		};
		188D4CAA2C22A5DF000D3600 /* Build configuration list for PBXNativeTarget "TaskManagerUITests" */ = {
			isa = XCConfigurationList;
			buildConfigurations = (
				188D4CAB2C22A5DF000D3600 /* Debug */,
				188D4CAC2C22A5DF000D3600 /* Release */,
			);
			defaultConfigurationIsVisible = 0;
			defaultConfigurationName = Release;
		};
/* End XCConfigurationList section */
	};
	rootObject = 188D4C782C22A5DE000D3600 /* Project object */;
}
